// !$*UTF8*$!
{
	archiveVersion = 1;
	classes = {
	};
	objectVersion = 46;
	objects = {

/* Begin PBXBuildFile section */
		E1670F9519A7FC57006FA43D /* QuartzCore.framework in Frameworks */ = {isa = PBXBuildFile; fileRef = E1670F9419A7FC57006FA43D /* QuartzCore.framework */; };
		E1E3141119A7B95500506065 /* AppDelegate.swift in Sources */ = {isa = PBXBuildFile; fileRef = E1E3141019A7B95500506065 /* AppDelegate.swift */; };
		E1E3141419A7B95500506065 /* Mouse.xcdatamodeld in Sources */ = {isa = PBXBuildFile; fileRef = E1E3141219A7B95500506065 /* Mouse.xcdatamodeld */; };
		E1E3141619A7B95500506065 /* ViewController.swift in Sources */ = {isa = PBXBuildFile; fileRef = E1E3141519A7B95500506065 /* ViewController.swift */; };
		E1E3141919A7B95500506065 /* Main.storyboard in Resources */ = {isa = PBXBuildFile; fileRef = E1E3141719A7B95500506065 /* Main.storyboard */; };
		E1E3141B19A7B95500506065 /* Images.xcassets in Resources */ = {isa = PBXBuildFile; fileRef = E1E3141A19A7B95500506065 /* Images.xcassets */; };
		E1E3142719A7B95500506065 /* MouseTests.swift in Sources */ = {isa = PBXBuildFile; fileRef = E1E3142619A7B95500506065 /* MouseTests.swift */; };
		E1E3143119A7B97700506065 /* CoreMotion.framework in Frameworks */ = {isa = PBXBuildFile; fileRef = E1E3143019A7B97700506065 /* CoreMotion.framework */; };
/* End PBXBuildFile section */

/* Begin PBXContainerItemProxy section */
		E1E3142119A7B95500506065 /* PBXContainerItemProxy */ = {
			isa = PBXContainerItemProxy;
			containerPortal = E1E3140319A7B95500506065 /* Project object */;
			proxyType = 1;
			remoteGlobalIDString = E1E3140A19A7B95500506065;
			remoteInfo = Mouse;
		};
/* End PBXContainerItemProxy section */

/* Begin PBXFileReference section */
		E1670F9419A7FC57006FA43D /* QuartzCore.framework */ = {isa = PBXFileReference; lastKnownFileType = wrapper.framework; name = QuartzCore.framework; path = System/Library/Frameworks/QuartzCore.framework; sourceTree = SDKROOT; };
		E1E3140B19A7B95500506065 /* Mouse.app */ = {isa = PBXFileReference; explicitFileType = wrapper.application; includeInIndex = 0; path = Mouse.app; sourceTree = BUILT_PRODUCTS_DIR; };
		E1E3140F19A7B95500506065 /* Info.plist */ = {isa = PBXFileReference; lastKnownFileType = text.plist.xml; path = Info.plist; sourceTree = "<group>"; };
		E1E3141019A7B95500506065 /* AppDelegate.swift */ = {isa = PBXFileReference; lastKnownFileType = sourcecode.swift; path = AppDelegate.swift; sourceTree = "<group>"; };
		E1E3141319A7B95500506065 /* Mouse.xcdatamodel */ = {isa = PBXFileReference; lastKnownFileType = wrapper.xcdatamodel; path = Mouse.xcdatamodel; sourceTree = "<group>"; };
		E1E3141519A7B95500506065 /* ViewController.swift */ = {isa = PBXFileReference; lastKnownFileType = sourcecode.swift; path = ViewController.swift; sourceTree = "<group>"; };
		E1E3141819A7B95500506065 /* Base */ = {isa = PBXFileReference; lastKnownFileType = file.storyboard; name = Base; path = Base.lproj/Main.storyboard; sourceTree = "<group>"; };
		E1E3141A19A7B95500506065 /* Images.xcassets */ = {isa = PBXFileReference; lastKnownFileType = folder.assetcatalog; path = Images.xcassets; sourceTree = "<group>"; };
		E1E3142019A7B95500506065 /* MouseTests.xctest */ = {isa = PBXFileReference; explicitFileType = wrapper.cfbundle; includeInIndex = 0; path = MouseTests.xctest; sourceTree = BUILT_PRODUCTS_DIR; };
		E1E3142519A7B95500506065 /* Info.plist */ = {isa = PBXFileReference; lastKnownFileType = text.plist.xml; path = Info.plist; sourceTree = "<group>"; };
		E1E3142619A7B95500506065 /* MouseTests.swift */ = {isa = PBXFileReference; lastKnownFileType = sourcecode.swift; path = MouseTests.swift; sourceTree = "<group>"; };
		E1E3143019A7B97700506065 /* CoreMotion.framework */ = {isa = PBXFileReference; lastKnownFileType = wrapper.framework; name = CoreMotion.framework; path = System/Library/Frameworks/CoreMotion.framework; sourceTree = SDKROOT; };
/* End PBXFileReference section */

/* Begin PBXFrameworksBuildPhase section */
		E1E3140819A7B95500506065 /* Frameworks */ = {
			isa = PBXFrameworksBuildPhase;
			buildActionMask = 2147483647;
			files = (
				E1670F9519A7FC57006FA43D /* QuartzCore.framework in Frameworks */,
				E1E3143119A7B97700506065 /* CoreMotion.framework in Frameworks */,
			);
			runOnlyForDeploymentPostprocessing = 0;
		};
		E1E3141D19A7B95500506065 /* Frameworks */ = {
			isa = PBXFrameworksBuildPhase;
			buildActionMask = 2147483647;
			files = (
			);
			runOnlyForDeploymentPostprocessing = 0;
		};
/* End PBXFrameworksBuildPhase section */

/* Begin PBXGroup section */
		E1E3140219A7B95500506065 = {
			isa = PBXGroup;
			children = (
				E1E3140D19A7B95500506065 /* Mouse */,
				E1E3142319A7B95500506065 /* MouseTests */,
				E1E3140C19A7B95500506065 /* Products */,
			);
			sourceTree = "<group>";
		};
		E1E3140C19A7B95500506065 /* Products */ = {
			isa = PBXGroup;
			children = (
				E1E3140B19A7B95500506065 /* Mouse.app */,
				E1E3142019A7B95500506065 /* MouseTests.xctest */,
			);
			name = Products;
			sourceTree = "<group>";
		};
		E1E3140D19A7B95500506065 /* Mouse */ = {
			isa = PBXGroup;
			children = (
				E1E3141019A7B95500506065 /* AppDelegate.swift */,
				E1E3141519A7B95500506065 /* ViewController.swift */,
				E1E3141719A7B95500506065 /* Main.storyboard */,
				E1E3141A19A7B95500506065 /* Images.xcassets */,
				E1E3141219A7B95500506065 /* Mouse.xcdatamodeld */,
				E1E3140E19A7B95500506065 /* Supporting Files */,
			);
			path = Mouse;
			sourceTree = "<group>";
		};
		E1E3140E19A7B95500506065 /* Supporting Files */ = {
			isa = PBXGroup;
			children = (
				E1670F9419A7FC57006FA43D /* QuartzCore.framework */,
				E1E3143019A7B97700506065 /* CoreMotion.framework */,
				E1E3140F19A7B95500506065 /* Info.plist */,
			);
			name = "Supporting Files";
			sourceTree = "<group>";
		};
		E1E3142319A7B95500506065 /* MouseTests */ = {
			isa = PBXGroup;
			children = (
				E1E3142619A7B95500506065 /* MouseTests.swift */,
				E1E3142419A7B95500506065 /* Supporting Files */,
			);
			path = MouseTests;
			sourceTree = "<group>";
		};
		E1E3142419A7B95500506065 /* Supporting Files */ = {
			isa = PBXGroup;
			children = (
				E1E3142519A7B95500506065 /* Info.plist */,
			);
			name = "Supporting Files";
			sourceTree = "<group>";
		};
/* End PBXGroup section */

/* Begin PBXNativeTarget section */
		E1E3140A19A7B95500506065 /* Mouse */ = {
			isa = PBXNativeTarget;
			buildConfigurationList = E1E3142A19A7B95500506065 /* Build configuration list for PBXNativeTarget "Mouse" */;
			buildPhases = (
				E1E3140719A7B95500506065 /* Sources */,
				E1E3140819A7B95500506065 /* Frameworks */,
				E1E3140919A7B95500506065 /* Resources */,
			);
			buildRules = (
			);
			dependencies = (
			);
			name = Mouse;
			productName = Mouse;
			productReference = E1E3140B19A7B95500506065 /* Mouse.app */;
			productType = "com.apple.product-type.application";
		};
		E1E3141F19A7B95500506065 /* MouseTests */ = {
			isa = PBXNativeTarget;
			buildConfigurationList = E1E3142D19A7B95500506065 /* Build configuration list for PBXNativeTarget "MouseTests" */;
			buildPhases = (
				E1E3141C19A7B95500506065 /* Sources */,
				E1E3141D19A7B95500506065 /* Frameworks */,
				E1E3141E19A7B95500506065 /* Resources */,
			);
			buildRules = (
			);
			dependencies = (
				E1E3142219A7B95500506065 /* PBXTargetDependency */,
			);
			name = MouseTests;
			productName = MouseTests;
			productReference = E1E3142019A7B95500506065 /* MouseTests.xctest */;
			productType = "com.apple.product-type.bundle.unit-test";
		};
/* End PBXNativeTarget section */

/* Begin PBXProject section */
		E1E3140319A7B95500506065 /* Project object */ = {
			isa = PBXProject;
			attributes = {
				LastUpgradeCheck = 0600;
				ORGANIZATIONNAME = "Jorge Izquierdo";
				TargetAttributes = {
					E1E3140A19A7B95500506065 = {
						CreatedOnToolsVersion = 6.0;
					};
					E1E3141F19A7B95500506065 = {
						CreatedOnToolsVersion = 6.0;
						TestTargetID = E1E3140A19A7B95500506065;
					};
				};
			};
			buildConfigurationList = E1E3140619A7B95500506065 /* Build configuration list for PBXProject "Mouse" */;
			compatibilityVersion = "Xcode 3.2";
			developmentRegion = English;
			hasScannedForEncodings = 0;
			knownRegions = (
				en,
				Base,
			);
			mainGroup = E1E3140219A7B95500506065;
			productRefGroup = E1E3140C19A7B95500506065 /* Products */;
			projectDirPath = "";
			projectRoot = "";
			targets = (
				E1E3140A19A7B95500506065 /* Mouse */,
				E1E3141F19A7B95500506065 /* MouseTests */,
			);
		};
/* End PBXProject section */

/* Begin PBXResourcesBuildPhase section */
		E1E3140919A7B95500506065 /* Resources */ = {
			isa = PBXResourcesBuildPhase;
			buildActionMask = 2147483647;
			files = (
				E1E3141919A7B95500506065 /* Main.storyboard in Resources */,
				E1E3141B19A7B95500506065 /* Images.xcassets in Resources */,
			);
			runOnlyForDeploymentPostprocessing = 0;
		};
		E1E3141E19A7B95500506065 /* Resources */ = {
			isa = PBXResourcesBuildPhase;
			buildActionMask = 2147483647;
			files = (
			);
			runOnlyForDeploymentPostprocessing = 0;
		};
/* End PBXResourcesBuildPhase section */

/* Begin PBXSourcesBuildPhase section */
		E1E3140719A7B95500506065 /* Sources */ = {
			isa = PBXSourcesBuildPhase;
			buildActionMask = 2147483647;
			files = (
				E1E3141619A7B95500506065 /* ViewController.swift in Sources */,
				E1E3141119A7B95500506065 /* AppDelegate.swift in Sources */,
				E1E3141419A7B95500506065 /* Mouse.xcdatamodeld in Sources */,
			);
			runOnlyForDeploymentPostprocessing = 0;
		};
		E1E3141C19A7B95500506065 /* Sources */ = {
			isa = PBXSourcesBuildPhase;
			buildActionMask = 2147483647;
			files = (
				E1E3142719A7B95500506065 /* MouseTests.swift in Sources */,
			);
			runOnlyForDeploymentPostprocessing = 0;
		};
/* End PBXSourcesBuildPhase section */

/* Begin PBXTargetDependency section */
		E1E3142219A7B95500506065 /* PBXTargetDependency */ = {
			isa = PBXTargetDependency;
			target = E1E3140A19A7B95500506065 /* Mouse */;
			targetProxy = E1E3142119A7B95500506065 /* PBXContainerItemProxy */;
		};
/* End PBXTargetDependency section */

/* Begin PBXVariantGroup section */
		E1E3141719A7B95500506065 /* Main.storyboard */ = {
			isa = PBXVariantGroup;
			children = (
				E1E3141819A7B95500506065 /* Base */,
			);
			name = Main.storyboard;
			sourceTree = "<group>";
		};
/* End PBXVariantGroup section */

/* Begin XCBuildConfiguration section */
		E1E3142819A7B95500506065 /* Debug */ = {
			isa = XCBuildConfiguration;
			buildSettings = {
				ALWAYS_SEARCH_USER_PATHS = NO;
				CLANG_CXX_LANGUAGE_STANDARD = "gnu++0x";
				CLANG_CXX_LIBRARY = "libc++";
				CLANG_ENABLE_MODULES = YES;
				CLANG_ENABLE_OBJC_ARC = YES;
				CLANG_WARN_BOOL_CONVERSION = YES;
				CLANG_WARN_CONSTANT_CONVERSION = YES;
				CLANG_WARN_DIRECT_OBJC_ISA_USAGE = YES_ERROR;
				CLANG_WARN_EMPTY_BODY = YES;
				CLANG_WARN_ENUM_CONVERSION = YES;
				CLANG_WARN_INT_CONVERSION = YES;
				CLANG_WARN_OBJC_ROOT_CLASS = YES_ERROR;
				CLANG_WARN_UNREACHABLE_CODE = YES;
				CLANG_WARN__DUPLICATE_METHOD_MATCH = YES;
				"CODE_SIGN_IDENTITY[sdk=iphoneos*]" = "iPhone Developer";
				COPY_PHASE_STRIP = NO;
				ENABLE_STRICT_OBJC_MSGSEND = YES;
				GCC_C_LANGUAGE_STANDARD = gnu99;
				GCC_DYNAMIC_NO_PIC = NO;
				GCC_OPTIMIZATION_LEVEL = 0;
				GCC_PREPROCESSOR_DEFINITIONS = (
					"DEBUG=1",
					"$(inherited)",
				);
				GCC_SYMBOLS_PRIVATE_EXTERN = NO;
				GCC_WARN_64_TO_32_BIT_CONVERSION = YES;
				GCC_WARN_ABOUT_RETURN_TYPE = YES_ERROR;
				GCC_WARN_UNDECLARED_SELECTOR = YES;
				GCC_WARN_UNINITIALIZED_AUTOS = YES_AGGRESSIVE;
				GCC_WARN_UNUSED_FUNCTION = YES;
				GCC_WARN_UNUSED_VARIABLE = YES;
				IPHONEOS_DEPLOYMENT_TARGET = 8.0;
				MTL_ENABLE_DEBUG_INFO = YES;
				ONLY_ACTIVE_ARCH = YES;
				SDKROOT = iphoneos;
				SWIFT_OPTIMIZATION_LEVEL = "-Onone";
				TARGETED_DEVICE_FAMILY = "1,2";
			};
			name = Debug;
		};
		E1E3142919A7B95500506065 /* Release */ = {
			isa = XCBuildConfiguration;
			buildSettings = {
				ALWAYS_SEARCH_USER_PATHS = NO;
				CLANG_CXX_LANGUAGE_STANDARD = "gnu++0x";
				CLANG_CXX_LIBRARY = "libc++";
				CLANG_ENABLE_MODULES = YES;
				CLANG_ENABLE_OBJC_ARC = YES;
				CLANG_WARN_BOOL_CONVERSION = YES;
				CLANG_WARN_CONSTANT_CONVERSION = YES;
				CLANG_WARN_DIRECT_OBJC_ISA_USAGE = YES_ERROR;
				CLANG_WARN_EMPTY_BODY = YES;
				CLANG_WARN_ENUM_CONVERSION = YES;
				CLANG_WARN_INT_CONVERSION = YES;
				CLANG_WARN_OBJC_ROOT_CLASS = YES_ERROR;
				CLANG_WARN_UNREACHABLE_CODE = YES;
				CLANG_WARN__DUPLICATE_METHOD_MATCH = YES;
				"CODE_SIGN_IDENTITY[sdk=iphoneos*]" = "iPhone Developer";
				COPY_PHASE_STRIP = YES;
				ENABLE_NS_ASSERTIONS = NO;
				ENABLE_STRICT_OBJC_MSGSEND = YES;
				GCC_C_LANGUAGE_STANDARD = gnu99;
				GCC_WARN_64_TO_32_BIT_CONVERSION = YES;
				GCC_WARN_ABOUT_RETURN_TYPE = YES_ERROR;
				GCC_WARN_UNDECLARED_SELECTOR = YES;
				GCC_WARN_UNINITIALIZED_AUTOS = YES_AGGRESSIVE;
				GCC_WARN_UNUSED_FUNCTION = YES;
				GCC_WARN_UNUSED_VARIABLE = YES;
				IPHONEOS_DEPLOYMENT_TARGET = 8.0;
				MTL_ENABLE_DEBUG_INFO = NO;
				SDKROOT = iphoneos;
				TARGETED_DEVICE_FAMILY = "1,2";
				VALIDATE_PRODUCT = YES;
			};
			name = Release;
		};
		E1E3142B19A7B95500506065 /* Debug */ = {
			isa = XCBuildConfiguration;
			buildSettings = {
				ASSETCATALOG_COMPILER_APPICON_NAME = AppIcon;
				ASSETCATALOG_COMPILER_LAUNCHIMAGE_NAME = LaunchImage;
				INFOPLIST_FILE = Mouse/Info.plist;
				LD_RUNPATH_SEARCH_PATHS = "$(inherited) @executable_path/Frameworks";
				PRODUCT_NAME = "$(TARGET_NAME)";
			};
			name = Debug;
		};
		E1E3142C19A7B95500506065 /* Release */ = {
			isa = XCBuildConfiguration;
			buildSettings = {
				ASSETCATALOG_COMPILER_APPICON_NAME = AppIcon;
				ASSETCATALOG_COMPILER_LAUNCHIMAGE_NAME = LaunchImage;
				INFOPLIST_FILE = Mouse/Info.plist;
				LD_RUNPATH_SEARCH_PATHS = "$(inherited) @executable_path/Frameworks";
				PRODUCT_NAME = "$(TARGET_NAME)";
			};
			name = Release;
		};
		E1E3142E19A7B95500506065 /* Debug */ = {
			isa = XCBuildConfiguration;
			buildSettings = {
				BUNDLE_LOADER = "$(TEST_HOST)";
				FRAMEWORK_SEARCH_PATHS = (
					"$(SDKROOT)/Developer/Library/Frameworks",
					"$(inherited)",
				);
				GCC_PREPROCESSOR_DEFINITIONS = (
					"DEBUG=1",
					"$(inherited)",
				);
				INFOPLIST_FILE = MouseTests/Info.plist;
				LD_RUNPATH_SEARCH_PATHS = "$(inherited) @executable_path/Frameworks @loader_path/Frameworks";
				PRODUCT_NAME = "$(TARGET_NAME)";
				TEST_HOST = "$(BUILT_PRODUCTS_DIR)/Mouse.app/Mouse";
			};
			name = Debug;
		};
		E1E3142F19A7B95500506065 /* Release */ = {
			isa = XCBuildConfiguration;
			buildSettings = {
				BUNDLE_LOADER = "$(TEST_HOST)";
				FRAMEWORK_SEARCH_PATHS = (
					"$(SDKROOT)/Developer/Library/Frameworks",
					"$(inherited)",
				);
				INFOPLIST_FILE = MouseTests/Info.plist;
				LD_RUNPATH_SEARCH_PATHS = "$(inherited) @executable_path/Frameworks @loader_path/Frameworks";
				PRODUCT_NAME = "$(TARGET_NAME)";
				TEST_HOST = "$(BUILT_PRODUCTS_DIR)/Mouse.app/Mouse";
			};
			name = Release;
		};
/* End XCBuildConfiguration section */

/* Begin XCConfigurationList section */
		E1E3140619A7B95500506065 /* Build configuration list for PBXProject "Mouse" */ = {
			isa = XCConfigurationList;
			buildConfigurations = (
				E1E3142819A7B95500506065 /* Debug */,
				E1E3142919A7B95500506065 /* Release */,
			);
			defaultConfigurationIsVisible = 0;
			defaultConfigurationName = Release;
		};
		E1E3142A19A7B95500506065 /* Build configuration list for PBXNativeTarget "Mouse" */ = {
			isa = XCConfigurationList;
			buildConfigurations = (
				E1E3142B19A7B95500506065 /* Debug */,
				E1E3142C19A7B95500506065 /* Release */,
			);
			defaultConfigurationIsVisible = 0;
			defaultConfigurationName = Release;
		};
		E1E3142D19A7B95500506065 /* Build configuration list for PBXNativeTarget "MouseTests" */ = {
			isa = XCConfigurationList;
			buildConfigurations = (
				E1E3142E19A7B95500506065 /* Debug */,
				E1E3142F19A7B95500506065 /* Release */,
			);
			defaultConfigurationIsVisible = 0;
			defaultConfigurationName = Release;
		};
/* End XCConfigurationList section */

/* Begin XCVersionGroup section */
		E1E3141219A7B95500506065 /* Mouse.xcdatamodeld */ = {
			isa = XCVersionGroup;
			children = (
				E1E3141319A7B95500506065 /* Mouse.xcdatamodel */,
			);
			currentVersion = E1E3141319A7B95500506065 /* Mouse.xcdatamodel */;
			path = Mouse.xcdatamodeld;
			sourceTree = "<group>";
			versionGroupType = wrapper.xcdatamodel;
		};
/* End XCVersionGroup section */
	};
	rootObject = E1E3140319A7B95500506065 /* Project object */;
}
